
Microsoft Visual Studio Solution File, Format Version 12.00
Project("{FAE04EC0-301F-11D3-BF4B-00C04F79EFBC}") = "Configuration", "Configuration\Configuration.csproj", "{86D5A7BB-1F28-4C4E-BF93-06F49A45E3FC}"
EndProject
Project("{FAE04EC0-301F-11D3-BF4B-00C04F79EFBC}") = "ConfigurationTest", "ConfigurationTest\ConfigurationTest.csproj", "{3EC58350-F264-4312-8989-95379B7FD276}"
EndProject
Global
	GlobalSection(SolutionConfigurationPlatforms) = preSolution
		Debug|Any CPU = Debug|Any CPU
		Release|Any CPU = Release|Any CPU
	EndGlobalSection
	GlobalSection(ProjectConfigurationPlatforms) = postSolution
		{86D5A7BB-1F28-4C4E-BF93-06F49A45E3FC}.Debug|Any CPU.ActiveCfg = Debug|Any CPU
		{86D5A7BB-1F28-4C4E-BF93-06F49A45E3FC}.Debug|Any CPU.Build.0 = Debug|Any CPU
		{86D5A7BB-1F28-4C4E-BF93-06F49A45E3FC}.Release|Any CPU.ActiveCfg = Release|Any CPU
		{86D5A7BB-1F28-4C4E-BF93-06F49A45E3FC}.Release|Any CPU.Build.0 = Release|Any CPU
		{3EC58350-F264-4312-8989-95379B7FD276}.Debug|Any CPU.ActiveCfg = Debug|Any CPU
		{3EC58350-F264-4312-8989-95379B7FD276}.Debug|Any CPU.Build.0 = Debug|Any CPU
		{3EC58350-F264-4312-8989-95379B7FD276}.Release|Any CPU.ActiveCfg = Release|Any CPU
		{3EC58350-F264-4312-8989-95379B7FD276}.Release|Any CPU.Build.0 = Release|Any CPU
	EndGlobalSection
EndGlobal
